// !$*UTF8*$!
{
	archiveVersion = 1;
	classes = {
	};
	objectVersion = 56;
	objects = {

/* Begin PBXBuildFile section */
		6775762636230F2DEA33BF7A /* Pods_Spotify_SpotifyUITests.framework in Frameworks */ = {isa = PBXBuildFile; fileRef = D836CE261F8C59C77FC6E3EB /* Pods_Spotify_SpotifyUITests.framework */; };
		9615187F8645EF48347AB8AA /* Pods_SpotifyTests.framework in Frameworks */ = {isa = PBXBuildFile; fileRef = F35803578EEF55E00A57AC68 /* Pods_SpotifyTests.framework */; };
		B1CDFE7A3E095552DF37327A /* Pods_Spotify.framework in Frameworks */ = {isa = PBXBuildFile; fileRef = 8FB6C436387600FB26468DE3 /* Pods_Spotify.framework */; };
		EC1DBC462C340A22001495A8 /* TabBarViewController.swift in Sources */ = {isa = PBXBuildFile; fileRef = EC1DBC452C340A22001495A8 /* TabBarViewController.swift */; };
		EC1DBC482C340AC9001495A8 /* SearchViewController.swift in Sources */ = {isa = PBXBuildFile; fileRef = EC1DBC472C340AC9001495A8 /* SearchViewController.swift */; };
		EC1DBC4A2C340AEB001495A8 /* LibraryViewController.swift in Sources */ = {isa = PBXBuildFile; fileRef = EC1DBC492C340AEB001495A8 /* LibraryViewController.swift */; };
		EC1DBC4E2C340B52001495A8 /* AuthViewController.swift in Sources */ = {isa = PBXBuildFile; fileRef = EC1DBC4D2C340B52001495A8 /* AuthViewController.swift */; };
		EC1DBC502C340B6A001495A8 /* WelcomeViewController.swift in Sources */ = {isa = PBXBuildFile; fileRef = EC1DBC4F2C340B6A001495A8 /* WelcomeViewController.swift */; };
		EC1DBC522C340B8A001495A8 /* SettingsViewController.swift in Sources */ = {isa = PBXBuildFile; fileRef = EC1DBC512C340B8A001495A8 /* SettingsViewController.swift */; };
		EC1DBC542C340B9B001495A8 /* ProfileViewController.swift in Sources */ = {isa = PBXBuildFile; fileRef = EC1DBC532C340B9B001495A8 /* ProfileViewController.swift */; };
		EC1DBC562C340BA5001495A8 /* PlayerViewController.swift in Sources */ = {isa = PBXBuildFile; fileRef = EC1DBC552C340BA5001495A8 /* PlayerViewController.swift */; };
		EC1DBC582C340BB8001495A8 /* PlaylistViewController.swift in Sources */ = {isa = PBXBuildFile; fileRef = EC1DBC572C340BB8001495A8 /* PlaylistViewController.swift */; };
		EC1DBC5A2C340BC8001495A8 /* SearchResultsViewController.swift in Sources */ = {isa = PBXBuildFile; fileRef = EC1DBC592C340BC8001495A8 /* SearchResultsViewController.swift */; };
		EC1DBC5C2C340C09001495A8 /* AuthManager.swift in Sources */ = {isa = PBXBuildFile; fileRef = EC1DBC5B2C340C09001495A8 /* AuthManager.swift */; };
		EC1DBC5E2C340C22001495A8 /* APICaller.swift in Sources */ = {isa = PBXBuildFile; fileRef = EC1DBC5D2C340C22001495A8 /* APICaller.swift */; };
		EC1DBC602C340C4A001495A8 /* HapticsManager.swift in Sources */ = {isa = PBXBuildFile; fileRef = EC1DBC5F2C340C4A001495A8 /* HapticsManager.swift */; };
		EC1DBC622C340C73001495A8 /* Playlist.swift in Sources */ = {isa = PBXBuildFile; fileRef = EC1DBC612C340C73001495A8 /* Playlist.swift */; };
		EC1DBC642C340C87001495A8 /* AudioTrack.swift in Sources */ = {isa = PBXBuildFile; fileRef = EC1DBC632C340C87001495A8 /* AudioTrack.swift */; };
		EC1DBC662C340CA1001495A8 /* Artist.swift in Sources */ = {isa = PBXBuildFile; fileRef = EC1DBC652C340CA1001495A8 /* Artist.swift */; };
		EC1DBC6B2C340CD9001495A8 /* UserProfile.swift in Sources */ = {isa = PBXBuildFile; fileRef = EC1DBC6A2C340CD9001495A8 /* UserProfile.swift */; };
		ECAF4EF52C36C3EC00784CCB /* Extension.swift in Sources */ = {isa = PBXBuildFile; fileRef = ECAF4EF42C36C3EC00784CCB /* Extension.swift */; };
		ECD29D162C435DA000A77EC2 /* AuthResponse.swift in Sources */ = {isa = PBXBuildFile; fileRef = ECD29D152C435DA000A77EC2 /* AuthResponse.swift */; };
		ECD8F4B22C2E4BA2007618B4 /* AppDelegate.swift in Sources */ = {isa = PBXBuildFile; fileRef = ECD8F4B12C2E4BA2007618B4 /* AppDelegate.swift */; };
		ECD8F4B42C2E4BA2007618B4 /* SceneDelegate.swift in Sources */ = {isa = PBXBuildFile; fileRef = ECD8F4B32C2E4BA2007618B4 /* SceneDelegate.swift */; };
		ECD8F4B62C2E4BA2007618B4 /* HomeViewController.swift in Sources */ = {isa = PBXBuildFile; fileRef = ECD8F4B52C2E4BA2007618B4 /* HomeViewController.swift */; };
		ECD8F4BB2C2E4BA3007618B4 /* Assets.xcassets in Resources */ = {isa = PBXBuildFile; fileRef = ECD8F4BA2C2E4BA3007618B4 /* Assets.xcassets */; };
		ECD8F4BE2C2E4BA3007618B4 /* Base in Resources */ = {isa = PBXBuildFile; fileRef = ECD8F4BD2C2E4BA3007618B4 /* Base */; };
		ECD8F4C92C2E4BA3007618B4 /* SpotifyTests.swift in Sources */ = {isa = PBXBuildFile; fileRef = ECD8F4C82C2E4BA3007618B4 /* SpotifyTests.swift */; };
		ECD8F4D32C2E4BA3007618B4 /* SpotifyUITests.swift in Sources */ = {isa = PBXBuildFile; fileRef = ECD8F4D22C2E4BA3007618B4 /* SpotifyUITests.swift */; };
		ECD8F4D52C2E4BA3007618B4 /* SpotifyUITestsLaunchTests.swift in Sources */ = {isa = PBXBuildFile; fileRef = ECD8F4D42C2E4BA3007618B4 /* SpotifyUITestsLaunchTests.swift */; };
/* End PBXBuildFile section */

/* Begin PBXContainerItemProxy section */
		ECD8F4C52C2E4BA3007618B4 /* PBXContainerItemProxy */ = {
			isa = PBXContainerItemProxy;
			containerPortal = ECD8F4A62C2E4BA2007618B4 /* Project object */;
			proxyType = 1;
			remoteGlobalIDString = ECD8F4AD2C2E4BA2007618B4;
			remoteInfo = Spotify;
		};
		ECD8F4CF2C2E4BA3007618B4 /* PBXContainerItemProxy */ = {
			isa = PBXContainerItemProxy;
			containerPortal = ECD8F4A62C2E4BA2007618B4 /* Project object */;
			proxyType = 1;
			remoteGlobalIDString = ECD8F4AD2C2E4BA2007618B4;
			remoteInfo = Spotify;
		};
/* End PBXContainerItemProxy section */

/* Begin PBXFileReference section */
		01F8F7F13315C8044E6473EB /* Pods-Spotify.release.xcconfig */ = {isa = PBXFileReference; includeInIndex = 1; lastKnownFileType = text.xcconfig; name = "Pods-Spotify.release.xcconfig"; path = "Target Support Files/Pods-Spotify/Pods-Spotify.release.xcconfig"; sourceTree = "<group>"; };
		2B43EBB04A57530F2A84BF7A /* Pods-SpotifyTests.debug.xcconfig */ = {isa = PBXFileReference; includeInIndex = 1; lastKnownFileType = text.xcconfig; name = "Pods-SpotifyTests.debug.xcconfig"; path = "Target Support Files/Pods-SpotifyTests/Pods-SpotifyTests.debug.xcconfig"; sourceTree = "<group>"; };
		32A996206B838B78B82C7988 /* Pods-Spotify.debug.xcconfig */ = {isa = PBXFileReference; includeInIndex = 1; lastKnownFileType = text.xcconfig; name = "Pods-Spotify.debug.xcconfig"; path = "Target Support Files/Pods-Spotify/Pods-Spotify.debug.xcconfig"; sourceTree = "<group>"; };
		74AF8FD699855875F1887A07 /* Pods-Spotify-SpotifyUITests.release.xcconfig */ = {isa = PBXFileReference; includeInIndex = 1; lastKnownFileType = text.xcconfig; name = "Pods-Spotify-SpotifyUITests.release.xcconfig"; path = "Target Support Files/Pods-Spotify-SpotifyUITests/Pods-Spotify-SpotifyUITests.release.xcconfig"; sourceTree = "<group>"; };
		8FB6C436387600FB26468DE3 /* Pods_Spotify.framework */ = {isa = PBXFileReference; explicitFileType = wrapper.framework; includeInIndex = 0; path = Pods_Spotify.framework; sourceTree = BUILT_PRODUCTS_DIR; };
		BA035352A1578C7FEF9E6E0D /* Pods-Spotify-SpotifyUITests.debug.xcconfig */ = {isa = PBXFileReference; includeInIndex = 1; lastKnownFileType = text.xcconfig; name = "Pods-Spotify-SpotifyUITests.debug.xcconfig"; path = "Target Support Files/Pods-Spotify-SpotifyUITests/Pods-Spotify-SpotifyUITests.debug.xcconfig"; sourceTree = "<group>"; };
		CCEC45F14374D6DBC825587F /* Pods-SpotifyTests.release.xcconfig */ = {isa = PBXFileReference; includeInIndex = 1; lastKnownFileType = text.xcconfig; name = "Pods-SpotifyTests.release.xcconfig"; path = "Target Support Files/Pods-SpotifyTests/Pods-SpotifyTests.release.xcconfig"; sourceTree = "<group>"; };
		D836CE261F8C59C77FC6E3EB /* Pods_Spotify_SpotifyUITests.framework */ = {isa = PBXFileReference; explicitFileType = wrapper.framework; includeInIndex = 0; path = Pods_Spotify_SpotifyUITests.framework; sourceTree = BUILT_PRODUCTS_DIR; };
		EC1DBC452C340A22001495A8 /* TabBarViewController.swift */ = {isa = PBXFileReference; lastKnownFileType = sourcecode.swift; path = TabBarViewController.swift; sourceTree = "<group>"; };
		EC1DBC472C340AC9001495A8 /* SearchViewController.swift */ = {isa = PBXFileReference; lastKnownFileType = sourcecode.swift; path = SearchViewController.swift; sourceTree = "<group>"; };
		EC1DBC492C340AEB001495A8 /* LibraryViewController.swift */ = {isa = PBXFileReference; lastKnownFileType = sourcecode.swift; path = LibraryViewController.swift; sourceTree = "<group>"; };
		EC1DBC4D2C340B52001495A8 /* AuthViewController.swift */ = {isa = PBXFileReference; lastKnownFileType = sourcecode.swift; path = AuthViewController.swift; sourceTree = "<group>"; };
		EC1DBC4F2C340B6A001495A8 /* WelcomeViewController.swift */ = {isa = PBXFileReference; lastKnownFileType = sourcecode.swift; path = WelcomeViewController.swift; sourceTree = "<group>"; };
		EC1DBC512C340B8A001495A8 /* SettingsViewController.swift */ = {isa = PBXFileReference; lastKnownFileType = sourcecode.swift; path = SettingsViewController.swift; sourceTree = "<group>"; };
		EC1DBC532C340B9B001495A8 /* ProfileViewController.swift */ = {isa = PBXFileReference; lastKnownFileType = sourcecode.swift; path = ProfileViewController.swift; sourceTree = "<group>"; };
		EC1DBC552C340BA5001495A8 /* PlayerViewController.swift */ = {isa = PBXFileReference; lastKnownFileType = sourcecode.swift; path = PlayerViewController.swift; sourceTree = "<group>"; };
		EC1DBC572C340BB8001495A8 /* PlaylistViewController.swift */ = {isa = PBXFileReference; lastKnownFileType = sourcecode.swift; path = PlaylistViewController.swift; sourceTree = "<group>"; };
		EC1DBC592C340BC8001495A8 /* SearchResultsViewController.swift */ = {isa = PBXFileReference; lastKnownFileType = sourcecode.swift; path = SearchResultsViewController.swift; sourceTree = "<group>"; };
		EC1DBC5B2C340C09001495A8 /* AuthManager.swift */ = {isa = PBXFileReference; lastKnownFileType = sourcecode.swift; path = AuthManager.swift; sourceTree = "<group>"; };
		EC1DBC5D2C340C22001495A8 /* APICaller.swift */ = {isa = PBXFileReference; lastKnownFileType = sourcecode.swift; path = APICaller.swift; sourceTree = "<group>"; };
		EC1DBC5F2C340C4A001495A8 /* HapticsManager.swift */ = {isa = PBXFileReference; lastKnownFileType = sourcecode.swift; path = HapticsManager.swift; sourceTree = "<group>"; };
		EC1DBC612C340C73001495A8 /* Playlist.swift */ = {isa = PBXFileReference; lastKnownFileType = sourcecode.swift; path = Playlist.swift; sourceTree = "<group>"; };
		EC1DBC632C340C87001495A8 /* AudioTrack.swift */ = {isa = PBXFileReference; lastKnownFileType = sourcecode.swift; path = AudioTrack.swift; sourceTree = "<group>"; };
		EC1DBC652C340CA1001495A8 /* Artist.swift */ = {isa = PBXFileReference; lastKnownFileType = sourcecode.swift; path = Artist.swift; sourceTree = "<group>"; };
		EC1DBC6A2C340CD9001495A8 /* UserProfile.swift */ = {isa = PBXFileReference; lastKnownFileType = sourcecode.swift; path = UserProfile.swift; sourceTree = "<group>"; };
		ECAF4EF42C36C3EC00784CCB /* Extension.swift */ = {isa = PBXFileReference; lastKnownFileType = sourcecode.swift; path = Extension.swift; sourceTree = "<group>"; };
		ECD29D152C435DA000A77EC2 /* AuthResponse.swift */ = {isa = PBXFileReference; lastKnownFileType = sourcecode.swift; path = AuthResponse.swift; sourceTree = "<group>"; };
		ECD8F4AE2C2E4BA2007618B4 /* Spotify.app */ = {isa = PBXFileReference; explicitFileType = wrapper.application; includeInIndex = 0; path = Spotify.app; sourceTree = BUILT_PRODUCTS_DIR; };
		ECD8F4B12C2E4BA2007618B4 /* AppDelegate.swift */ = {isa = PBXFileReference; lastKnownFileType = sourcecode.swift; path = AppDelegate.swift; sourceTree = "<group>"; };
		ECD8F4B32C2E4BA2007618B4 /* SceneDelegate.swift */ = {isa = PBXFileReference; lastKnownFileType = sourcecode.swift; path = SceneDelegate.swift; sourceTree = "<group>"; };
		ECD8F4B52C2E4BA2007618B4 /* HomeViewController.swift */ = {isa = PBXFileReference; lastKnownFileType = sourcecode.swift; path = HomeViewController.swift; sourceTree = "<group>"; };
		ECD8F4BA2C2E4BA3007618B4 /* Assets.xcassets */ = {isa = PBXFileReference; lastKnownFileType = folder.assetcatalog; path = Assets.xcassets; sourceTree = "<group>"; };
		ECD8F4BD2C2E4BA3007618B4 /* Base */ = {isa = PBXFileReference; lastKnownFileType = file.storyboard; name = Base; path = Base.lproj/LaunchScreen.storyboard; sourceTree = "<group>"; };
		ECD8F4BF2C2E4BA3007618B4 /* Info.plist */ = {isa = PBXFileReference; lastKnownFileType = text.plist.xml; path = Info.plist; sourceTree = "<group>"; };
		ECD8F4C42C2E4BA3007618B4 /* SpotifyTests.xctest */ = {isa = PBXFileReference; explicitFileType = wrapper.cfbundle; includeInIndex = 0; path = SpotifyTests.xctest; sourceTree = BUILT_PRODUCTS_DIR; };
		ECD8F4C82C2E4BA3007618B4 /* SpotifyTests.swift */ = {isa = PBXFileReference; lastKnownFileType = sourcecode.swift; path = SpotifyTests.swift; sourceTree = "<group>"; };
		ECD8F4CE2C2E4BA3007618B4 /* SpotifyUITests.xctest */ = {isa = PBXFileReference; explicitFileType = wrapper.cfbundle; includeInIndex = 0; path = SpotifyUITests.xctest; sourceTree = BUILT_PRODUCTS_DIR; };
		ECD8F4D22C2E4BA3007618B4 /* SpotifyUITests.swift */ = {isa = PBXFileReference; lastKnownFileType = sourcecode.swift; path = SpotifyUITests.swift; sourceTree = "<group>"; };
		ECD8F4D42C2E4BA3007618B4 /* SpotifyUITestsLaunchTests.swift */ = {isa = PBXFileReference; lastKnownFileType = sourcecode.swift; path = SpotifyUITestsLaunchTests.swift; sourceTree = "<group>"; };
		F35803578EEF55E00A57AC68 /* Pods_SpotifyTests.framework */ = {isa = PBXFileReference; explicitFileType = wrapper.framework; includeInIndex = 0; path = Pods_SpotifyTests.framework; sourceTree = BUILT_PRODUCTS_DIR; };
/* End PBXFileReference section */

/* Begin PBXFrameworksBuildPhase section */
		ECD8F4AB2C2E4BA2007618B4 /* Frameworks */ = {
			isa = PBXFrameworksBuildPhase;
			buildActionMask = 2147483647;
			files = (
				B1CDFE7A3E095552DF37327A /* Pods_Spotify.framework in Frameworks */,
			);
			runOnlyForDeploymentPostprocessing = 0;
		};
		ECD8F4C12C2E4BA3007618B4 /* Frameworks */ = {
			isa = PBXFrameworksBuildPhase;
			buildActionMask = 2147483647;
			files = (
				9615187F8645EF48347AB8AA /* Pods_SpotifyTests.framework in Frameworks */,
			);
			runOnlyForDeploymentPostprocessing = 0;
		};
		ECD8F4CB2C2E4BA3007618B4 /* Frameworks */ = {
			isa = PBXFrameworksBuildPhase;
			buildActionMask = 2147483647;
			files = (
				6775762636230F2DEA33BF7A /* Pods_Spotify_SpotifyUITests.framework in Frameworks */,
			);
			runOnlyForDeploymentPostprocessing = 0;
		};
/* End PBXFrameworksBuildPhase section */

/* Begin PBXGroup section */
		CDA1A424D67FCE1B8FAF583B /* Frameworks */ = {
			isa = PBXGroup;
			children = (
				8FB6C436387600FB26468DE3 /* Pods_Spotify.framework */,
				D836CE261F8C59C77FC6E3EB /* Pods_Spotify_SpotifyUITests.framework */,
				F35803578EEF55E00A57AC68 /* Pods_SpotifyTests.framework */,
			);
			name = Frameworks;
			sourceTree = "<group>";
		};
		EC1DBC4B2C340B0D001495A8 /* Core */ = {
			isa = PBXGroup;
			children = (
				EC1DBC492C340AEB001495A8 /* LibraryViewController.swift */,
				EC1DBC472C340AC9001495A8 /* SearchViewController.swift */,
				EC1DBC452C340A22001495A8 /* TabBarViewController.swift */,
				ECD8F4B52C2E4BA2007618B4 /* HomeViewController.swift */,
			);
			path = Core;
			sourceTree = "<group>";
		};
		EC1DBC4C2C340B32001495A8 /* Other */ = {
			isa = PBXGroup;
			children = (
				EC1DBC4D2C340B52001495A8 /* AuthViewController.swift */,
				EC1DBC4F2C340B6A001495A8 /* WelcomeViewController.swift */,
				EC1DBC512C340B8A001495A8 /* SettingsViewController.swift */,
				EC1DBC532C340B9B001495A8 /* ProfileViewController.swift */,
				EC1DBC552C340BA5001495A8 /* PlayerViewController.swift */,
				EC1DBC572C340BB8001495A8 /* PlaylistViewController.swift */,
				EC1DBC592C340BC8001495A8 /* SearchResultsViewController.swift */,
			);
			path = Other;
			sourceTree = "<group>";
		};
		ECD8F4A52C2E4BA2007618B4 = {
			isa = PBXGroup;
			children = (
				ECD8F4B02C2E4BA2007618B4 /* Spotify */,
				ECD8F4C72C2E4BA3007618B4 /* SpotifyTests */,
				ECD8F4D12C2E4BA3007618B4 /* SpotifyUITests */,
				ECD8F4AF2C2E4BA2007618B4 /* Products */,
				ED4385B5A4B5550AA174F729 /* Pods */,
				CDA1A424D67FCE1B8FAF583B /* Frameworks */,
			);
			sourceTree = "<group>";
		};
		ECD8F4AF2C2E4BA2007618B4 /* Products */ = {
			isa = PBXGroup;
			children = (
				ECD8F4AE2C2E4BA2007618B4 /* Spotify.app */,
				ECD8F4C42C2E4BA3007618B4 /* SpotifyTests.xctest */,
				ECD8F4CE2C2E4BA3007618B4 /* SpotifyUITests.xctest */,
			);
			name = Products;
			sourceTree = "<group>";
		};
		ECD8F4B02C2E4BA2007618B4 /* Spotify */ = {
			isa = PBXGroup;
			children = (
				ECD8F4E72C2E544F007618B4 /* Resources */,
				ECD8F4E62C2E5444007618B4 /* Managers */,
				ECD8F4E52C2E5438007618B4 /* ViewModels */,
				ECD8F4E42C2E5433007618B4 /* Models */,
				ECD8F4E32C2E542A007618B4 /* Views */,
				ECD8F4E22C2E541D007618B4 /* Controllers */,
				ECD8F4BF2C2E4BA3007618B4 /* Info.plist */,
			);
			path = Spotify;
			sourceTree = "<group>";
		};
		ECD8F4C72C2E4BA3007618B4 /* SpotifyTests */ = {
			isa = PBXGroup;
			children = (
				ECD8F4C82C2E4BA3007618B4 /* SpotifyTests.swift */,
			);
			path = SpotifyTests;
			sourceTree = "<group>";
		};
		ECD8F4D12C2E4BA3007618B4 /* SpotifyUITests */ = {
			isa = PBXGroup;
			children = (
				ECD8F4D22C2E4BA3007618B4 /* SpotifyUITests.swift */,
				ECD8F4D42C2E4BA3007618B4 /* SpotifyUITestsLaunchTests.swift */,
			);
			path = SpotifyUITests;
			sourceTree = "<group>";
		};
		ECD8F4E22C2E541D007618B4 /* Controllers */ = {
			isa = PBXGroup;
			children = (
				EC1DBC4C2C340B32001495A8 /* Other */,
				EC1DBC4B2C340B0D001495A8 /* Core */,
			);
			path = Controllers;
			sourceTree = "<group>";
		};
		ECD8F4E32C2E542A007618B4 /* Views */ = {
			isa = PBXGroup;
			children = (
				ECD8F4BC2C2E4BA3007618B4 /* LaunchScreen.storyboard */,
			);
			path = Views;
			sourceTree = "<group>";
		};
		ECD8F4E42C2E5433007618B4 /* Models */ = {
			isa = PBXGroup;
			children = (
				EC1DBC612C340C73001495A8 /* Playlist.swift */,
				EC1DBC632C340C87001495A8 /* AudioTrack.swift */,
				EC1DBC652C340CA1001495A8 /* Artist.swift */,
				EC1DBC6A2C340CD9001495A8 /* UserProfile.swift */,
				ECD29D152C435DA000A77EC2 /* AuthResponse.swift */,
			);
			path = Models;
			sourceTree = "<group>";
		};
		ECD8F4E52C2E5438007618B4 /* ViewModels */ = {
			isa = PBXGroup;
			children = (
			);
			path = ViewModels;
			sourceTree = "<group>";
		};
		ECD8F4E62C2E5444007618B4 /* Managers */ = {
			isa = PBXGroup;
			children = (
				EC1DBC5B2C340C09001495A8 /* AuthManager.swift */,
				EC1DBC5D2C340C22001495A8 /* APICaller.swift */,
				EC1DBC5F2C340C4A001495A8 /* HapticsManager.swift */,
			);
			path = Managers;
			sourceTree = "<group>";
		};
		ECD8F4E72C2E544F007618B4 /* Resources */ = {
			isa = PBXGroup;
			children = (
				ECD8F4B12C2E4BA2007618B4 /* AppDelegate.swift */,
				ECD8F4B32C2E4BA2007618B4 /* SceneDelegate.swift */,
				ECD8F4BA2C2E4BA3007618B4 /* Assets.xcassets */,
				ECAF4EF42C36C3EC00784CCB /* Extension.swift */,
			);
			path = Resources;
			sourceTree = "<group>";
		};
		ED4385B5A4B5550AA174F729 /* Pods */ = {
			isa = PBXGroup;
			children = (
				32A996206B838B78B82C7988 /* Pods-Spotify.debug.xcconfig */,
				01F8F7F13315C8044E6473EB /* Pods-Spotify.release.xcconfig */,
				BA035352A1578C7FEF9E6E0D /* Pods-Spotify-SpotifyUITests.debug.xcconfig */,
				74AF8FD699855875F1887A07 /* Pods-Spotify-SpotifyUITests.release.xcconfig */,
				2B43EBB04A57530F2A84BF7A /* Pods-SpotifyTests.debug.xcconfig */,
				CCEC45F14374D6DBC825587F /* Pods-SpotifyTests.release.xcconfig */,
			);
			path = Pods;
			sourceTree = "<group>";
		};
/* End PBXGroup section */

/* Begin PBXNativeTarget section */
		ECD8F4AD2C2E4BA2007618B4 /* Spotify */ = {
			isa = PBXNativeTarget;
			buildConfigurationList = ECD8F4D82C2E4BA3007618B4 /* Build configuration list for PBXNativeTarget "Spotify" */;
			buildPhases = (
				A3C43643E7E09DA9AD630E30 /* [CP] Check Pods Manifest.lock */,
				ECD8F4AA2C2E4BA2007618B4 /* Sources */,
				ECD8F4AB2C2E4BA2007618B4 /* Frameworks */,
				ECD8F4AC2C2E4BA2007618B4 /* Resources */,
				007587E49B38425E27D73A3E /* [CP] Embed Pods Frameworks */,
			);
			buildRules = (
			);
			dependencies = (
			);
			name = Spotify;
			productName = Spotify;
			productReference = ECD8F4AE2C2E4BA2007618B4 /* Spotify.app */;
			productType = "com.apple.product-type.application";
		};
		ECD8F4C32C2E4BA3007618B4 /* SpotifyTests */ = {
			isa = PBXNativeTarget;
			buildConfigurationList = ECD8F4DB2C2E4BA3007618B4 /* Build configuration list for PBXNativeTarget "SpotifyTests" */;
			buildPhases = (
				F63478C11B317E301CDE73C0 /* [CP] Check Pods Manifest.lock */,
				ECD8F4C02C2E4BA3007618B4 /* Sources */,
				ECD8F4C12C2E4BA3007618B4 /* Frameworks */,
				ECD8F4C22C2E4BA3007618B4 /* Resources */,
			);
			buildRules = (
			);
			dependencies = (
				ECD8F4C62C2E4BA3007618B4 /* PBXTargetDependency */,
			);
			name = SpotifyTests;
			productName = SpotifyTests;
			productReference = ECD8F4C42C2E4BA3007618B4 /* SpotifyTests.xctest */;
			productType = "com.apple.product-type.bundle.unit-test";
		};
		ECD8F4CD2C2E4BA3007618B4 /* SpotifyUITests */ = {
			isa = PBXNativeTarget;
			buildConfigurationList = ECD8F4DE2C2E4BA3007618B4 /* Build configuration list for PBXNativeTarget "SpotifyUITests" */;
			buildPhases = (
				4D61A3FBED3C84C7075D3AA5 /* [CP] Check Pods Manifest.lock */,
				ECD8F4CA2C2E4BA3007618B4 /* Sources */,
				ECD8F4CB2C2E4BA3007618B4 /* Frameworks */,
				ECD8F4CC2C2E4BA3007618B4 /* Resources */,
				A95CE2376FF55B80C3F7FEBA /* [CP] Embed Pods Frameworks */,
			);
			buildRules = (
			);
			dependencies = (
				ECD8F4D02C2E4BA3007618B4 /* PBXTargetDependency */,
			);
			name = SpotifyUITests;
			productName = SpotifyUITests;
			productReference = ECD8F4CE2C2E4BA3007618B4 /* SpotifyUITests.xctest */;
			productType = "com.apple.product-type.bundle.ui-testing";
		};
/* End PBXNativeTarget section */

/* Begin PBXProject section */
		ECD8F4A62C2E4BA2007618B4 /* Project object */ = {
			isa = PBXProject;
			attributes = {
				BuildIndependentTargetsInParallel = 1;
				LastSwiftUpdateCheck = 1540;
				LastUpgradeCheck = 1540;
				TargetAttributes = {
					ECD8F4AD2C2E4BA2007618B4 = {
						CreatedOnToolsVersion = 15.4;
					};
					ECD8F4C32C2E4BA3007618B4 = {
						CreatedOnToolsVersion = 15.4;
						TestTargetID = ECD8F4AD2C2E4BA2007618B4;
					};
					ECD8F4CD2C2E4BA3007618B4 = {
						CreatedOnToolsVersion = 15.4;
						TestTargetID = ECD8F4AD2C2E4BA2007618B4;
					};
				};
			};
			buildConfigurationList = ECD8F4A92C2E4BA2007618B4 /* Build configuration list for PBXProject "Spotify" */;
			compatibilityVersion = "Xcode 14.0";
			developmentRegion = en;
			hasScannedForEncodings = 0;
			knownRegions = (
				en,
				Base,
			);
			mainGroup = ECD8F4A52C2E4BA2007618B4;
			productRefGroup = ECD8F4AF2C2E4BA2007618B4 /* Products */;
			projectDirPath = "";
			projectRoot = "";
			targets = (
				ECD8F4AD2C2E4BA2007618B4 /* Spotify */,
				ECD8F4C32C2E4BA3007618B4 /* SpotifyTests */,
				ECD8F4CD2C2E4BA3007618B4 /* SpotifyUITests */,
			);
		};
/* End PBXProject section */

/* Begin PBXResourcesBuildPhase section */
		ECD8F4AC2C2E4BA2007618B4 /* Resources */ = {
			isa = PBXResourcesBuildPhase;
			buildActionMask = 2147483647;
			files = (
				ECD8F4BB2C2E4BA3007618B4 /* Assets.xcassets in Resources */,
				ECD8F4BE2C2E4BA3007618B4 /* Base in Resources */,
			);
			runOnlyForDeploymentPostprocessing = 0;
		};
		ECD8F4C22C2E4BA3007618B4 /* Resources */ = {
			isa = PBXResourcesBuildPhase;
			buildActionMask = 2147483647;
			files = (
			);
			runOnlyForDeploymentPostprocessing = 0;
		};
		ECD8F4CC2C2E4BA3007618B4 /* Resources */ = {
			isa = PBXResourcesBuildPhase;
			buildActionMask = 2147483647;
			files = (
			);
			runOnlyForDeploymentPostprocessing = 0;
		};
/* End PBXResourcesBuildPhase section */

/* Begin PBXShellScriptBuildPhase section */
		007587E49B38425E27D73A3E /* [CP] Embed Pods Frameworks */ = {
			isa = PBXShellScriptBuildPhase;
			buildActionMask = 2147483647;
			files = (
			);
			inputFileListPaths = (
				"${PODS_ROOT}/Target Support Files/Pods-Spotify/Pods-Spotify-frameworks-${CONFIGURATION}-input-files.xcfilelist",
			);
			name = "[CP] Embed Pods Frameworks";
			outputFileListPaths = (
				"${PODS_ROOT}/Target Support Files/Pods-Spotify/Pods-Spotify-frameworks-${CONFIGURATION}-output-files.xcfilelist",
			);
			runOnlyForDeploymentPostprocessing = 0;
			shellPath = /bin/sh;
			shellScript = "\"${PODS_ROOT}/Target Support Files/Pods-Spotify/Pods-Spotify-frameworks.sh\"\n";
			showEnvVarsInLog = 0;
		};
		4D61A3FBED3C84C7075D3AA5 /* [CP] Check Pods Manifest.lock */ = {
			isa = PBXShellScriptBuildPhase;
			buildActionMask = 2147483647;
			files = (
			);
			inputFileListPaths = (
			);
			inputPaths = (
				"${PODS_PODFILE_DIR_PATH}/Podfile.lock",
				"${PODS_ROOT}/Manifest.lock",
			);
			name = "[CP] Check Pods Manifest.lock";
			outputFileListPaths = (
			);
			outputPaths = (
				"$(DERIVED_FILE_DIR)/Pods-Spotify-SpotifyUITests-checkManifestLockResult.txt",
			);
			runOnlyForDeploymentPostprocessing = 0;
			shellPath = /bin/sh;
			shellScript = "diff \"${PODS_PODFILE_DIR_PATH}/Podfile.lock\" \"${PODS_ROOT}/Manifest.lock\" > /dev/null\nif [ $? != 0 ] ; then\n    # print error to STDERR\n    echo \"error: The sandbox is not in sync with the Podfile.lock. Run 'pod install' or update your CocoaPods installation.\" >&2\n    exit 1\nfi\n# This output is used by Xcode 'outputs' to avoid re-running this script phase.\necho \"SUCCESS\" > \"${SCRIPT_OUTPUT_FILE_0}\"\n";
			showEnvVarsInLog = 0;
		};
		A3C43643E7E09DA9AD630E30 /* [CP] Check Pods Manifest.lock */ = {
			isa = PBXShellScriptBuildPhase;
			buildActionMask = 2147483647;
			files = (
			);
			inputFileListPaths = (
			);
			inputPaths = (
				"${PODS_PODFILE_DIR_PATH}/Podfile.lock",
				"${PODS_ROOT}/Manifest.lock",
			);
			name = "[CP] Check Pods Manifest.lock";
			outputFileListPaths = (
			);
			outputPaths = (
				"$(DERIVED_FILE_DIR)/Pods-Spotify-checkManifestLockResult.txt",
			);
			runOnlyForDeploymentPostprocessing = 0;
			shellPath = /bin/sh;
			shellScript = "diff \"${PODS_PODFILE_DIR_PATH}/Podfile.lock\" \"${PODS_ROOT}/Manifest.lock\" > /dev/null\nif [ $? != 0 ] ; then\n    # print error to STDERR\n    echo \"error: The sandbox is not in sync with the Podfile.lock. Run 'pod install' or update your CocoaPods installation.\" >&2\n    exit 1\nfi\n# This output is used by Xcode 'outputs' to avoid re-running this script phase.\necho \"SUCCESS\" > \"${SCRIPT_OUTPUT_FILE_0}\"\n";
			showEnvVarsInLog = 0;
		};
		A95CE2376FF55B80C3F7FEBA /* [CP] Embed Pods Frameworks */ = {
			isa = PBXShellScriptBuildPhase;
			buildActionMask = 2147483647;
			files = (
			);
			inputFileListPaths = (
				"${PODS_ROOT}/Target Support Files/Pods-Spotify-SpotifyUITests/Pods-Spotify-SpotifyUITests-frameworks-${CONFIGURATION}-input-files.xcfilelist",
			);
			name = "[CP] Embed Pods Frameworks";
			outputFileListPaths = (
				"${PODS_ROOT}/Target Support Files/Pods-Spotify-SpotifyUITests/Pods-Spotify-SpotifyUITests-frameworks-${CONFIGURATION}-output-files.xcfilelist",
			);
			runOnlyForDeploymentPostprocessing = 0;
			shellPath = /bin/sh;
			shellScript = "\"${PODS_ROOT}/Target Support Files/Pods-Spotify-SpotifyUITests/Pods-Spotify-SpotifyUITests-frameworks.sh\"\n";
			showEnvVarsInLog = 0;
		};
		F63478C11B317E301CDE73C0 /* [CP] Check Pods Manifest.lock */ = {
			isa = PBXShellScriptBuildPhase;
			buildActionMask = 2147483647;
			files = (
			);
			inputFileListPaths = (
			);
			inputPaths = (
				"${PODS_PODFILE_DIR_PATH}/Podfile.lock",
				"${PODS_ROOT}/Manifest.lock",
			);
			name = "[CP] Check Pods Manifest.lock";
			outputFileListPaths = (
			);
			outputPaths = (
				"$(DERIVED_FILE_DIR)/Pods-SpotifyTests-checkManifestLockResult.txt",
			);
			runOnlyForDeploymentPostprocessing = 0;
			shellPath = /bin/sh;
			shellScript = "diff \"${PODS_PODFILE_DIR_PATH}/Podfile.lock\" \"${PODS_ROOT}/Manifest.lock\" > /dev/null\nif [ $? != 0 ] ; then\n    # print error to STDERR\n    echo \"error: The sandbox is not in sync with the Podfile.lock. Run 'pod install' or update your CocoaPods installation.\" >&2\n    exit 1\nfi\n# This output is used by Xcode 'outputs' to avoid re-running this script phase.\necho \"SUCCESS\" > \"${SCRIPT_OUTPUT_FILE_0}\"\n";
			showEnvVarsInLog = 0;
		};
/* End PBXShellScriptBuildPhase section */

/* Begin PBXSourcesBuildPhase section */
		ECD8F4AA2C2E4BA2007618B4 /* Sources */ = {
			isa = PBXSourcesBuildPhase;
			buildActionMask = 2147483647;
			files = (
				EC1DBC482C340AC9001495A8 /* SearchViewController.swift in Sources */,
				EC1DBC622C340C73001495A8 /* Playlist.swift in Sources */,
				EC1DBC5C2C340C09001495A8 /* AuthManager.swift in Sources */,
				EC1DBC5A2C340BC8001495A8 /* SearchResultsViewController.swift in Sources */,
				EC1DBC502C340B6A001495A8 /* WelcomeViewController.swift in Sources */,
				EC1DBC542C340B9B001495A8 /* ProfileViewController.swift in Sources */,
				EC1DBC462C340A22001495A8 /* TabBarViewController.swift in Sources */,
				EC1DBC602C340C4A001495A8 /* HapticsManager.swift in Sources */,
				ECD29D162C435DA000A77EC2 /* AuthResponse.swift in Sources */,
				EC1DBC642C340C87001495A8 /* AudioTrack.swift in Sources */,
				ECAF4EF52C36C3EC00784CCB /* Extension.swift in Sources */,
				ECD8F4B62C2E4BA2007618B4 /* HomeViewController.swift in Sources */,
				EC1DBC4E2C340B52001495A8 /* AuthViewController.swift in Sources */,
				ECD8F4B22C2E4BA2007618B4 /* AppDelegate.swift in Sources */,
				EC1DBC6B2C340CD9001495A8 /* UserProfile.swift in Sources */,
				EC1DBC4A2C340AEB001495A8 /* LibraryViewController.swift in Sources */,
				EC1DBC662C340CA1001495A8 /* Artist.swift in Sources */,
				EC1DBC582C340BB8001495A8 /* PlaylistViewController.swift in Sources */,
				ECD8F4B42C2E4BA2007618B4 /* SceneDelegate.swift in Sources */,
				EC1DBC562C340BA5001495A8 /* PlayerViewController.swift in Sources */,
				EC1DBC5E2C340C22001495A8 /* APICaller.swift in Sources */,
				EC1DBC522C340B8A001495A8 /* SettingsViewController.swift in Sources */,
			);
			runOnlyForDeploymentPostprocessing = 0;
		};
		ECD8F4C02C2E4BA3007618B4 /* Sources */ = {
			isa = PBXSourcesBuildPhase;
			buildActionMask = 2147483647;
			files = (
				ECD8F4C92C2E4BA3007618B4 /* SpotifyTests.swift in Sources */,
			);
			runOnlyForDeploymentPostprocessing = 0;
		};
		ECD8F4CA2C2E4BA3007618B4 /* Sources */ = {
			isa = PBXSourcesBuildPhase;
			buildActionMask = 2147483647;
			files = (
				ECD8F4D32C2E4BA3007618B4 /* SpotifyUITests.swift in Sources */,
				ECD8F4D52C2E4BA3007618B4 /* SpotifyUITestsLaunchTests.swift in Sources */,
			);
			runOnlyForDeploymentPostprocessing = 0;
		};
/* End PBXSourcesBuildPhase section */

/* Begin PBXTargetDependency section */
		ECD8F4C62C2E4BA3007618B4 /* PBXTargetDependency */ = {
			isa = PBXTargetDependency;
			target = ECD8F4AD2C2E4BA2007618B4 /* Spotify */;
			targetProxy = ECD8F4C52C2E4BA3007618B4 /* PBXContainerItemProxy */;
		};
		ECD8F4D02C2E4BA3007618B4 /* PBXTargetDependency */ = {
			isa = PBXTargetDependency;
			target = ECD8F4AD2C2E4BA2007618B4 /* Spotify */;
			targetProxy = ECD8F4CF2C2E4BA3007618B4 /* PBXContainerItemProxy */;
		};
/* End PBXTargetDependency section */

/* Begin PBXVariantGroup section */
		ECD8F4BC2C2E4BA3007618B4 /* LaunchScreen.storyboard */ = {
			isa = PBXVariantGroup;
			children = (
				ECD8F4BD2C2E4BA3007618B4 /* Base */,
			);
			name = LaunchScreen.storyboard;
			sourceTree = "<group>";
		};
/* End PBXVariantGroup section */

/* Begin XCBuildConfiguration section */
		ECD8F4D62C2E4BA3007618B4 /* Debug */ = {
			isa = XCBuildConfiguration;
			buildSettings = {
				ALWAYS_SEARCH_USER_PATHS = NO;
				ASSETCATALOG_COMPILER_GENERATE_SWIFT_ASSET_SYMBOL_EXTENSIONS = YES;
				CLANG_ANALYZER_NONNULL = YES;
				CLANG_ANALYZER_NUMBER_OBJECT_CONVERSION = YES_AGGRESSIVE;
				CLANG_CXX_LANGUAGE_STANDARD = "gnu++20";
				CLANG_ENABLE_MODULES = YES;
				CLANG_ENABLE_OBJC_ARC = YES;
				CLANG_ENABLE_OBJC_WEAK = YES;
				CLANG_WARN_BLOCK_CAPTURE_AUTORELEASING = YES;
				CLANG_WARN_BOOL_CONVERSION = YES;
				CLANG_WARN_COMMA = YES;
				CLANG_WARN_CONSTANT_CONVERSION = YES;
				CLANG_WARN_DEPRECATED_OBJC_IMPLEMENTATIONS = YES;
				CLANG_WARN_DIRECT_OBJC_ISA_USAGE = YES_ERROR;
				CLANG_WARN_DOCUMENTATION_COMMENTS = YES;
				CLANG_WARN_EMPTY_BODY = YES;
				CLANG_WARN_ENUM_CONVERSION = YES;
				CLANG_WARN_INFINITE_RECURSION = YES;
				CLANG_WARN_INT_CONVERSION = YES;
				CLANG_WARN_NON_LITERAL_NULL_CONVERSION = YES;
				CLANG_WARN_OBJC_IMPLICIT_RETAIN_SELF = YES;
				CLANG_WARN_OBJC_LITERAL_CONVERSION = YES;
				CLANG_WARN_OBJC_ROOT_CLASS = YES_ERROR;
				CLANG_WARN_QUOTED_INCLUDE_IN_FRAMEWORK_HEADER = YES;
				CLANG_WARN_RANGE_LOOP_ANALYSIS = YES;
				CLANG_WARN_STRICT_PROTOTYPES = YES;
				CLANG_WARN_SUSPICIOUS_MOVE = YES;
				CLANG_WARN_UNGUARDED_AVAILABILITY = YES_AGGRESSIVE;
				CLANG_WARN_UNREACHABLE_CODE = YES;
				CLANG_WARN__DUPLICATE_METHOD_MATCH = YES;
				COPY_PHASE_STRIP = NO;
				DEBUG_INFORMATION_FORMAT = dwarf;
				ENABLE_STRICT_OBJC_MSGSEND = YES;
				ENABLE_TESTABILITY = YES;
				ENABLE_USER_SCRIPT_SANDBOXING = NO;
				GCC_C_LANGUAGE_STANDARD = gnu17;
				GCC_DYNAMIC_NO_PIC = NO;
				GCC_NO_COMMON_BLOCKS = YES;
				GCC_OPTIMIZATION_LEVEL = 0;
				GCC_PREPROCESSOR_DEFINITIONS = (
					"DEBUG=1",
					"$(inherited)",
				);
				GCC_WARN_64_TO_32_BIT_CONVERSION = YES;
				GCC_WARN_ABOUT_RETURN_TYPE = YES_ERROR;
				GCC_WARN_UNDECLARED_SELECTOR = YES;
				GCC_WARN_UNINITIALIZED_AUTOS = YES_AGGRESSIVE;
				GCC_WARN_UNUSED_FUNCTION = YES;
				GCC_WARN_UNUSED_VARIABLE = YES;
				IPHONEOS_DEPLOYMENT_TARGET = 15.0;
				LOCALIZATION_PREFERS_STRING_CATALOGS = YES;
				MTL_ENABLE_DEBUG_INFO = INCLUDE_SOURCE;
				MTL_FAST_MATH = YES;
				ONLY_ACTIVE_ARCH = YES;
				SDKROOT = iphoneos;
				SWIFT_ACTIVE_COMPILATION_CONDITIONS = "DEBUG $(inherited)";
				SWIFT_OPTIMIZATION_LEVEL = "-Onone";
			};
			name = Debug;
		};
		ECD8F4D72C2E4BA3007618B4 /* Release */ = {
			isa = XCBuildConfiguration;
			buildSettings = {
				ALWAYS_SEARCH_USER_PATHS = NO;
				ASSETCATALOG_COMPILER_GENERATE_SWIFT_ASSET_SYMBOL_EXTENSIONS = YES;
				CLANG_ANALYZER_NONNULL = YES;
				CLANG_ANALYZER_NUMBER_OBJECT_CONVERSION = YES_AGGRESSIVE;
				CLANG_CXX_LANGUAGE_STANDARD = "gnu++20";
				CLANG_ENABLE_MODULES = YES;
				CLANG_ENABLE_OBJC_ARC = YES;
				CLANG_ENABLE_OBJC_WEAK = YES;
				CLANG_WARN_BLOCK_CAPTURE_AUTORELEASING = YES;
				CLANG_WARN_BOOL_CONVERSION = YES;
				CLANG_WARN_COMMA = YES;
				CLANG_WARN_CONSTANT_CONVERSION = YES;
				CLANG_WARN_DEPRECATED_OBJC_IMPLEMENTATIONS = YES;
				CLANG_WARN_DIRECT_OBJC_ISA_USAGE = YES_ERROR;
				CLANG_WARN_DOCUMENTATION_COMMENTS = YES;
				CLANG_WARN_EMPTY_BODY = YES;
				CLANG_WARN_ENUM_CONVERSION = YES;
				CLANG_WARN_INFINITE_RECURSION = YES;
				CLANG_WARN_INT_CONVERSION = YES;
				CLANG_WARN_NON_LITERAL_NULL_CONVERSION = YES;
				CLANG_WARN_OBJC_IMPLICIT_RETAIN_SELF = YES;
				CLANG_WARN_OBJC_LITERAL_CONVERSION = YES;
				CLANG_WARN_OBJC_ROOT_CLASS = YES_ERROR;
				CLANG_WARN_QUOTED_INCLUDE_IN_FRAMEWORK_HEADER = YES;
				CLANG_WARN_RANGE_LOOP_ANALYSIS = YES;
				CLANG_WARN_STRICT_PROTOTYPES = YES;
				CLANG_WARN_SUSPICIOUS_MOVE = YES;
				CLANG_WARN_UNGUARDED_AVAILABILITY = YES_AGGRESSIVE;
				CLANG_WARN_UNREACHABLE_CODE = YES;
				CLANG_WARN__DUPLICATE_METHOD_MATCH = YES;
				COPY_PHASE_STRIP = NO;
				DEBUG_INFORMATION_FORMAT = "dwarf-with-dsym";
				ENABLE_NS_ASSERTIONS = NO;
				ENABLE_STRICT_OBJC_MSGSEND = YES;
				ENABLE_USER_SCRIPT_SANDBOXING = NO;
				GCC_C_LANGUAGE_STANDARD = gnu17;
				GCC_NO_COMMON_BLOCKS = YES;
				GCC_WARN_64_TO_32_BIT_CONVERSION = YES;
				GCC_WARN_ABOUT_RETURN_TYPE = YES_ERROR;
				GCC_WARN_UNDECLARED_SELECTOR = YES;
				GCC_WARN_UNINITIALIZED_AUTOS = YES_AGGRESSIVE;
				GCC_WARN_UNUSED_FUNCTION = YES;
				GCC_WARN_UNUSED_VARIABLE = YES;
				IPHONEOS_DEPLOYMENT_TARGET = 15.0;
				LOCALIZATION_PREFERS_STRING_CATALOGS = YES;
				MTL_ENABLE_DEBUG_INFO = NO;
				MTL_FAST_MATH = YES;
				SDKROOT = iphoneos;
				SWIFT_COMPILATION_MODE = wholemodule;
				VALIDATE_PRODUCT = YES;
			};
			name = Release;
		};
		ECD8F4D92C2E4BA3007618B4 /* Debug */ = {
			isa = XCBuildConfiguration;
			baseConfigurationReference = 32A996206B838B78B82C7988 /* Pods-Spotify.debug.xcconfig */;
			buildSettings = {
				ASSETCATALOG_COMPILER_APPICON_NAME = AppIcon;
				ASSETCATALOG_COMPILER_GLOBAL_ACCENT_COLOR_NAME = AccentColor;
				CODE_SIGN_STYLE = Automatic;
				CURRENT_PROJECT_VERSION = 1;
				DEVELOPMENT_TEAM = CFVLMFC4S8;
				GENERATE_INFOPLIST_FILE = YES;
				INFOPLIST_FILE = Spotify/Info.plist;
				INFOPLIST_KEY_UIApplicationSupportsIndirectInputEvents = YES;
				INFOPLIST_KEY_UILaunchStoryboardName = LaunchScreen;
				INFOPLIST_KEY_UISupportedInterfaceOrientations_iPad = "UIInterfaceOrientationPortrait UIInterfaceOrientationPortraitUpsideDown UIInterfaceOrientationLandscapeLeft UIInterfaceOrientationLandscapeRight";
				INFOPLIST_KEY_UISupportedInterfaceOrientations_iPhone = "UIInterfaceOrientationPortrait UIInterfaceOrientationLandscapeLeft UIInterfaceOrientationLandscapeRight";
				IPHONEOS_DEPLOYMENT_TARGET = 13.0;
				LD_RUNPATH_SEARCH_PATHS = (
					"$(inherited)",
					"@executable_path/Frameworks",
				);
				MARKETING_VERSION = 1.0;
				PRODUCT_BUNDLE_IDENTIFIER = "com.fakexcreator.Spotify-Clone";
				PRODUCT_NAME = "$(TARGET_NAME)";
				SWIFT_EMIT_LOC_STRINGS = YES;
				SWIFT_VERSION = 5.0;
				TARGETED_DEVICE_FAMILY = "1,2";
			};
			name = Debug;
		};
		ECD8F4DA2C2E4BA3007618B4 /* Release */ = {
			isa = XCBuildConfiguration;
			baseConfigurationReference = 01F8F7F13315C8044E6473EB /* Pods-Spotify.release.xcconfig */;
			buildSettings = {
				ASSETCATALOG_COMPILER_APPICON_NAME = AppIcon;
				ASSETCATALOG_COMPILER_GLOBAL_ACCENT_COLOR_NAME = AccentColor;
				CODE_SIGN_STYLE = Automatic;
				CURRENT_PROJECT_VERSION = 1;
				DEVELOPMENT_TEAM = CFVLMFC4S8;
				GENERATE_INFOPLIST_FILE = YES;
				INFOPLIST_FILE = Spotify/Info.plist;
				INFOPLIST_KEY_UIApplicationSupportsIndirectInputEvents = YES;
				INFOPLIST_KEY_UILaunchStoryboardName = LaunchScreen;
				INFOPLIST_KEY_UISupportedInterfaceOrientations_iPad = "UIInterfaceOrientationPortrait UIInterfaceOrientationPortraitUpsideDown UIInterfaceOrientationLandscapeLeft UIInterfaceOrientationLandscapeRight";
				INFOPLIST_KEY_UISupportedInterfaceOrientations_iPhone = "UIInterfaceOrientationPortrait UIInterfaceOrientationLandscapeLeft UIInterfaceOrientationLandscapeRight";
				IPHONEOS_DEPLOYMENT_TARGET = 13.0;
				LD_RUNPATH_SEARCH_PATHS = (
					"$(inherited)",
					"@executable_path/Frameworks",
				);
				MARKETING_VERSION = 1.0;
				PRODUCT_BUNDLE_IDENTIFIER = "com.fakexcreator.Spotify-Clone";
				PRODUCT_NAME = "$(TARGET_NAME)";
				SWIFT_EMIT_LOC_STRINGS = YES;
				SWIFT_VERSION = 5.0;
				TARGETED_DEVICE_FAMILY = "1,2";
			};
			name = Release;
		};
		ECD8F4DC2C2E4BA3007618B4 /* Debug */ = {
			isa = XCBuildConfiguration;
			baseConfigurationReference = 2B43EBB04A57530F2A84BF7A /* Pods-SpotifyTests.debug.xcconfig */;
			buildSettings = {
				ALWAYS_EMBED_SWIFT_STANDARD_LIBRARIES = YES;
				BUNDLE_LOADER = "$(TEST_HOST)";
				CODE_SIGN_STYLE = Automatic;
				CURRENT_PROJECT_VERSION = 1;
				GENERATE_INFOPLIST_FILE = YES;
				IPHONEOS_DEPLOYMENT_TARGET = 17.5;
				MARKETING_VERSION = 1.0;
				PRODUCT_BUNDLE_IDENTIFIER = fakexcreator.SpotifyTests;
				PRODUCT_NAME = "$(TARGET_NAME)";
				SWIFT_EMIT_LOC_STRINGS = NO;
				SWIFT_VERSION = 5.0;
				TARGETED_DEVICE_FAMILY = "1,2";
				TEST_HOST = "$(BUILT_PRODUCTS_DIR)/Spotify.app/$(BUNDLE_EXECUTABLE_FOLDER_PATH)/Spotify";
			};
			name = Debug;
		};
		ECD8F4DD2C2E4BA3007618B4 /* Release */ = {
			isa = XCBuildConfiguration;
			baseConfigurationReference = CCEC45F14374D6DBC825587F /* Pods-SpotifyTests.release.xcconfig */;
			buildSettings = {
				ALWAYS_EMBED_SWIFT_STANDARD_LIBRARIES = YES;
				BUNDLE_LOADER = "$(TEST_HOST)";
				CODE_SIGN_STYLE = Automatic;
				CURRENT_PROJECT_VERSION = 1;
				GENERATE_INFOPLIST_FILE = YES;
				IPHONEOS_DEPLOYMENT_TARGET = 17.5;
				MARKETING_VERSION = 1.0;
				PRODUCT_BUNDLE_IDENTIFIER = fakexcreator.SpotifyTests;
				PRODUCT_NAME = "$(TARGET_NAME)";
				SWIFT_EMIT_LOC_STRINGS = NO;
				SWIFT_VERSION = 5.0;
				TARGETED_DEVICE_FAMILY = "1,2";
				TEST_HOST = "$(BUILT_PRODUCTS_DIR)/Spotify.app/$(BUNDLE_EXECUTABLE_FOLDER_PATH)/Spotify";
			};
			name = Release;
		};
		ECD8F4DF2C2E4BA3007618B4 /* Debug */ = {
			isa = XCBuildConfiguration;
			baseConfigurationReference = BA035352A1578C7FEF9E6E0D /* Pods-Spotify-SpotifyUITests.debug.xcconfig */;
			buildSettings = {
				ALWAYS_EMBED_SWIFT_STANDARD_LIBRARIES = YES;
				CODE_SIGN_STYLE = Automatic;
				CURRENT_PROJECT_VERSION = 1;
				GENERATE_INFOPLIST_FILE = YES;
				MARKETING_VERSION = 1.0;
				PRODUCT_BUNDLE_IDENTIFIER = fakexcreator.SpotifyUITests;
				PRODUCT_NAME = "$(TARGET_NAME)";
				SWIFT_EMIT_LOC_STRINGS = NO;
				SWIFT_VERSION = 5.0;
				TARGETED_DEVICE_FAMILY = "1,2";
				TEST_TARGET_NAME = Spotify;
			};
			name = Debug;
		};
		ECD8F4E02C2E4BA3007618B4 /* Release */ = {
			isa = XCBuildConfiguration;
			baseConfigurationReference = 74AF8FD699855875F1887A07 /* Pods-Spotify-SpotifyUITests.release.xcconfig */;
			buildSettings = {
				ALWAYS_EMBED_SWIFT_STANDARD_LIBRARIES = YES;
				CODE_SIGN_STYLE = Automatic;
				CURRENT_PROJECT_VERSION = 1;
				GENERATE_INFOPLIST_FILE = YES;
				MARKETING_VERSION = 1.0;
				PRODUCT_BUNDLE_IDENTIFIER = fakexcreator.SpotifyUITests;
				PRODUCT_NAME = "$(TARGET_NAME)";
				SWIFT_EMIT_LOC_STRINGS = NO;
				SWIFT_VERSION = 5.0;
				TARGETED_DEVICE_FAMILY = "1,2";
				TEST_TARGET_NAME = Spotify;
			};
			name = Release;
		};
/* End XCBuildConfiguration section */

/* Begin XCConfigurationList section */
		ECD8F4A92C2E4BA2007618B4 /* Build configuration list for PBXProject "Spotify" */ = {
			isa = XCConfigurationList;
			buildConfigurations = (
				ECD8F4D62C2E4BA3007618B4 /* Debug */,
				ECD8F4D72C2E4BA3007618B4 /* Release */,
			);
			defaultConfigurationIsVisible = 0;
			defaultConfigurationName = Release;
		};
		ECD8F4D82C2E4BA3007618B4 /* Build configuration list for PBXNativeTarget "Spotify" */ = {
			isa = XCConfigurationList;
			buildConfigurations = (
				ECD8F4D92C2E4BA3007618B4 /* Debug */,
				ECD8F4DA2C2E4BA3007618B4 /* Release */,
			);
			defaultConfigurationIsVisible = 0;
			defaultConfigurationName = Release;
		};
		ECD8F4DB2C2E4BA3007618B4 /* Build configuration list for PBXNativeTarget "SpotifyTests" */ = {
			isa = XCConfigurationList;
			buildConfigurations = (
				ECD8F4DC2C2E4BA3007618B4 /* Debug */,
				ECD8F4DD2C2E4BA3007618B4 /* Release */,
			);
			defaultConfigurationIsVisible = 0;
			defaultConfigurationName = Release;
		};
		ECD8F4DE2C2E4BA3007618B4 /* Build configuration list for PBXNativeTarget "SpotifyUITests" */ = {
			isa = XCConfigurationList;
			buildConfigurations = (
				ECD8F4DF2C2E4BA3007618B4 /* Debug */,
				ECD8F4E02C2E4BA3007618B4 /* Release */,
			);
			defaultConfigurationIsVisible = 0;
			defaultConfigurationName = Release;
		};
/* End XCConfigurationList section */
	};
	rootObject = ECD8F4A62C2E4BA2007618B4 /* Project object */;
}
